
Microsoft Visual Studio Solution File, Format Version 12.00
# Visual Studio Version 17
VisualStudioVersion = 17.4.33103.184
MinimumVisualStudioVersion = 10.0.40219.1
Project("{9A19103F-16F7-4668-BE54-9A1E7A4F7556}") = "MetodaParsującaDoLiczbyUjemnej", "Exercise\MetodaParsującaDoLiczbyUjemnej.csproj", "{094008F7-5436-4BA8-841F-49BF9A9D0CE7}"
EndProject
Global
	GlobalSection(SolutionConfigurationPlatforms) = preSolution
		Debug|Any CPU = Debug|Any CPU
		Release|Any CPU = Release|Any CPU
	EndGlobalSection
	GlobalSection(ProjectConfigurationPlatforms) = postSolution
		{094008F7-5436-4BA8-841F-49BF9A9D0CE7}.Debug|Any CPU.ActiveCfg = Debug|Any CPU
		{094008F7-5436-4BA8-841F-49BF9A9D0CE7}.Debug|Any CPU.Build.0 = Debug|Any CPU
		{094008F7-5436-4BA8-841F-49BF9A9D0CE7}.Release|Any CPU.ActiveCfg = Release|Any CPU
		{094008F7-5436-4BA8-841F-49BF9A9D0CE7}.Release|Any CPU.Build.0 = Release|Any CPU
	EndGlobalSection
	GlobalSection(SolutionProperties) = preSolution
		HideSolutionNode = FALSE
	EndGlobalSection
	GlobalSection(ExtensibilityGlobals) = postSolution
		SolutionGuid = {6C5FB75B-E2BE-4411-85D4-81A436B30273}
	EndGlobalSection
EndGlobal
